
Microsoft Visual Studio Solution File, Format Version 12.00
# Visual Studio 15
VisualStudioVersion = 15.0.27703.2047
MinimumVisualStudioVersion = 10.0.40219.1
Project("{FAE04EC0-301F-11D3-BF4B-00C04F79EFBC}") = "Mvc4InActionGuestBook", "Mvc4InActionGuestBook\Mvc4InActionGuestBook.csproj", "{766DC1CD-0F40-4E34-88E8-74A56491F61D}"
EndProject
Global
	GlobalSection(SolutionConfigurationPlatforms) = preSolution
		Debug|Any CPU = Debug|Any CPU
		Release|Any CPU = Release|Any CPU
	EndGlobalSection
	GlobalSection(ProjectConfigurationPlatforms) = postSolution
		{766DC1CD-0F40-4E34-88E8-74A56491F61D}.Debug|Any CPU.ActiveCfg = Debug|Any CPU
		{766DC1CD-0F40-4E34-88E8-74A56491F61D}.Debug|Any CPU.Build.0 = Debug|Any CPU
		{766DC1CD-0F40-4E34-88E8-74A56491F61D}.Release|Any CPU.ActiveCfg = Release|Any CPU
		{766DC1CD-0F40-4E34-88E8-74A56491F61D}.Release|Any CPU.Build.0 = Release|Any CPU
	EndGlobalSection
	GlobalSection(SolutionProperties) = preSolution
		HideSolutionNode = FALSE
	EndGlobalSection
	GlobalSection(ExtensibilityGlobals) = postSolution
		SolutionGuid = {F0C22420-1172-4B6C-8A81-96A7E36742AD}
	EndGlobalSection
EndGlobal
